
Microsoft Visual Studio Solution File, Format Version 12.00
# Visual Studio 14
VisualStudioVersion = 14.0.25420.1
MinimumVisualStudioVersion = 10.0.40219.1
Project("{FAE04EC0-301F-11D3-BF4B-00C04F79EFBC}") = "Stacker", "Stacker\Stacker.csproj", "{B467231F-1689-4B9D-921F-12555D24A6BC}"
EndProject
Project("{FAE04EC0-301F-11D3-BF4B-00C04F79EFBC}") = "TestStacker", "TestStacker\TestStacker.csproj", "{096001D9-9964-4BAC-BB6E-AC42243B8E69}"
EndProject
Global
	GlobalSection(SolutionConfigurationPlatforms) = preSolution
		Debug|Any CPU = Debug|Any CPU
		Release|Any CPU = Release|Any CPU
	EndGlobalSection
	GlobalSection(ProjectConfigurationPlatforms) = postSolution
		{B467231F-1689-4B9D-921F-12555D24A6BC}.Debug|Any CPU.ActiveCfg = Debug|Any CPU
		{B467231F-1689-4B9D-921F-12555D24A6BC}.Debug|Any CPU.Build.0 = Debug|Any CPU
		{B467231F-1689-4B9D-921F-12555D24A6BC}.Release|Any CPU.ActiveCfg = Release|Any CPU
		{B467231F-1689-4B9D-921F-12555D24A6BC}.Release|Any CPU.Build.0 = Release|Any CPU
		{096001D9-9964-4BAC-BB6E-AC42243B8E69}.Debug|Any CPU.ActiveCfg = Debug|Any CPU
		{096001D9-9964-4BAC-BB6E-AC42243B8E69}.Debug|Any CPU.Build.0 = Debug|Any CPU
		{096001D9-9964-4BAC-BB6E-AC42243B8E69}.Release|Any CPU.ActiveCfg = Release|Any CPU
		{096001D9-9964-4BAC-BB6E-AC42243B8E69}.Release|Any CPU.Build.0 = Release|Any CPU
	EndGlobalSection
	GlobalSection(SolutionProperties) = preSolution
		HideSolutionNode = FALSE
	EndGlobalSection
EndGlobal
